hash: 312e8d7febf4bb2ac551a4388f95d885ed08f6d99ee8371d4b4a01ee84e1a59c
updated: 2017-02-23T15:58:58.56614326-08:00
imports:
- name: github.com/fsnotify/fsnotify
  version: a904159b9206978bb6d53fcc7a769e5cd726c737
- name: github.com/hashicorp/hcl
  version: 630949a3c5fa3c613328e1b8256052cbc2327c9b
  subpackages:
  - hcl/ast
  - hcl/parser
  - hcl/token
  - json/parser
  - hcl/scanner
  - hcl/strconv
  - json/scanner
  - json/token
- name: github.com/inconshreveable/mousetrap
  version: 76626ae9c91c4f2a10f34cad8ce83ea42c93bb75
- name: github.com/magiconair/properties
  version: b3b15ef068fd0b17ddf408a23669f20811d194d2
- name: github.com/mitchellh/mapstructure
  version: db1efb556f84b25a0a13a04aad883943538ad2e0
- name: github.com/nats-io/nats
  version: 61923ed1eaf8398000991fbbee2ef11ab5a5be0d
  subpackages:
  - encoders/builtin
  - util
- name: github.com/nats-io/nuid
  version: a5152d67cf63cbfb5d992a395458722a45194715
- name: github.com/netlify/netlify-commons
  version: 13ec5b77dcf6646155b39ce4d99a502cc6195f22
  subpackages:
  - messaging
  - nconf
  - tls
- name: github.com/pelletier/go-buffruneio
  version: df1e16fde7fc330a0ca68167c23bf7ed6ac31d6d
- name: github.com/pelletier/go-toml
  version: 7cb988051d5045890cb91402a0b5fddc76c627bc
- name: github.com/rybit/doppler
  version: 2d47a429d008bd56d22d1bf00a94e67a92378dd0
  subpackages:
  - tls
- name: github.com/rybit/nats_logrus_hook
  version: 1236b915ecdc1963bf90fdfbb05fa815f5033a8c
- name: github.com/rybit/nats_metrics
  version: aec4a70381624a1b673f4abb6efd4349570f1ab9
- name: github.com/Sirupsen/logrus
  version: d26492970760ca5d33129d2d799e34be5c4782eb
- name: github.com/spf13/afero
  version: 06b7e5f50606ecd49148a01a6008942d9b669217
  subpackages:
  - mem
- name: github.com/spf13/cast
  version: f820543c3592e283e311a60d2a600a664e39f6f7
- name: github.com/spf13/cobra
  version: 9d9ce1213e32036f555185d5a7df854d6f801ef8
- name: github.com/spf13/jwalterweatherman
  version: fa7ca7e836cf3a8bb4ebf799f472c12d7e903d66
- name: github.com/spf13/pflag
  version: 1560c1005499d61b80f865c04d39ca7505bf7f0b
- name: github.com/spf13/viper
  version: 7538d73b4eb9511d85a9f1dfef202eeb8ac260f4
- name: github.com/streadway/amqp
  version: 2e25825abdbd7752ff08b270d313b93519a0a232
- name: golang.org/x/net
  version: 3797cd8864994d713d909eda5e61ede8683fdc12
  subpackages:
  - http2
  - http2/hpack
  - lex/httplex
- name: golang.org/x/sys
  version: a646d33e2ee3172a661fc09bca23bb4889a41bc8
  subpackages:
  - unix
- name: golang.org/x/text
  version: 4687d739464a2d0af89a25be0318456e0776f3ef
  subpackages:
  - transform
  - unicode/norm
- name: gopkg.in/yaml.v2
  version: a3f3340b5840cee44f372bddb5880fcbc419b46a
testImports: []
